
Microsoft Visual Studio Solution File, Format Version 12.00
# Visual Studio Version 17
VisualStudioVersion = 17.7.34009.444
MinimumVisualStudioVersion = 10.0.40219.1
Project("{FAE04EC0-301F-11D3-BF4B-00C04F79EFBC}") = "DataFilter", "DataFilter.csproj", "{51B7A09C-48A8-456C-91E2-BB20726CD62C}"
EndProject
Global
	GlobalSection(SolutionConfigurationPlatforms) = preSolution
		Debug|Any CPU = Debug|Any CPU
		Release|Any CPU = Release|Any CPU
	EndGlobalSection
	GlobalSection(ProjectConfigurationPlatforms) = postSolution
		{51B7A09C-48A8-456C-91E2-BB20726CD62C}.Debug|Any CPU.ActiveCfg = Debug|Any CPU
		{51B7A09C-48A8-456C-91E2-BB20726CD62C}.Debug|Any CPU.Build.0 = Debug|Any CPU
		{51B7A09C-48A8-456C-91E2-BB20726CD62C}.Release|Any CPU.ActiveCfg = Release|Any CPU
		{51B7A09C-48A8-456C-91E2-BB20726CD62C}.Release|Any CPU.Build.0 = Release|Any CPU
	EndGlobalSection
	GlobalSection(SolutionProperties) = preSolution
		HideSolutionNode = FALSE
	EndGlobalSection
	GlobalSection(ExtensibilityGlobals) = postSolution
		SolutionGuid = {28B64E50-D1E8-4DCC-A787-5B79E020B9B3}
	EndGlobalSection
EndGlobal
